// !$*UTF8*$!
{
	archiveVersion = 1;
	classes = {
	};
	objectVersion = 56;
	objects = {

/* Begin PBXBuildFile section */
		9F0ECBF22A98205100A9A5E5 /* RickandMortyWikiApp.swift in Sources */ = {isa = PBXBuildFile; fileRef = 9F0ECBF12A98205100A9A5E5 /* RickandMortyWikiApp.swift */; };
		9F0ECBF62A98205200A9A5E5 /* Assets.xcassets in Resources */ = {isa = PBXBuildFile; fileRef = 9F0ECBF52A98205200A9A5E5 /* Assets.xcassets */; };
		9F0ECBF92A98205200A9A5E5 /* Preview Assets.xcassets in Resources */ = {isa = PBXBuildFile; fileRef = 9F0ECBF82A98205200A9A5E5 /* Preview Assets.xcassets */; };
		9F0ECC0D2A98205200A9A5E5 /* RickandMortyWikiUITests.swift in Sources */ = {isa = PBXBuildFile; fileRef = 9F0ECC0C2A98205200A9A5E5 /* RickandMortyWikiUITests.swift */; };
		9F0ECC0F2A98205200A9A5E5 /* RickandMortyWikiUITestsLaunchTests.swift in Sources */ = {isa = PBXBuildFile; fileRef = 9F0ECC0E2A98205200A9A5E5 /* RickandMortyWikiUITestsLaunchTests.swift */; };
		9F0ECC1D2A9820E400A9A5E5 /* CharacterListView.swift in Sources */ = {isa = PBXBuildFile; fileRef = 9F0ECC1C2A9820E400A9A5E5 /* CharacterListView.swift */; };
		9F0ECC232A984AA300A9A5E5 /* RickAndMortyService.swift in Sources */ = {isa = PBXBuildFile; fileRef = 9F0ECC222A984AA300A9A5E5 /* RickAndMortyService.swift */; };
		9F0ECC242A984AA300A9A5E5 /* RickAndMortyService.swift in Sources */ = {isa = PBXBuildFile; fileRef = 9F0ECC222A984AA300A9A5E5 /* RickAndMortyService.swift */; };
		9F0ECC262A9850FC00A9A5E5 /* CharacterListViewModel.swift in Sources */ = {isa = PBXBuildFile; fileRef = 9F0ECC252A9850FC00A9A5E5 /* CharacterListViewModel.swift */; };
		9F0ECC272A9850FC00A9A5E5 /* CharacterListViewModel.swift in Sources */ = {isa = PBXBuildFile; fileRef = 9F0ECC252A9850FC00A9A5E5 /* CharacterListViewModel.swift */; };
		9F0ECC2A2A98512B00A9A5E5 /* Character.swift in Sources */ = {isa = PBXBuildFile; fileRef = 9F0ECC292A98512B00A9A5E5 /* Character.swift */; };
		9F0ECC2B2A98512B00A9A5E5 /* Character.swift in Sources */ = {isa = PBXBuildFile; fileRef = 9F0ECC292A98512B00A9A5E5 /* Character.swift */; };
		9F0ECC2D2A9883F500A9A5E5 /* ImageCache.swift in Sources */ = {isa = PBXBuildFile; fileRef = 9F0ECC2C2A9883F500A9A5E5 /* ImageCache.swift */; };
		9F0ECC2E2A9883F500A9A5E5 /* ImageCache.swift in Sources */ = {isa = PBXBuildFile; fileRef = 9F0ECC2C2A9883F500A9A5E5 /* ImageCache.swift */; };
		9F0ECC312A988E9100A9A5E5 /* CachedAsyncImage in Frameworks */ = {isa = PBXBuildFile; productRef = 9F0ECC302A988E9100A9A5E5 /* CachedAsyncImage */; };
		9F0ECC342A99514100A9A5E5 /* CharacterDetailView.swift in Sources */ = {isa = PBXBuildFile; fileRef = 9F0ECC332A99514100A9A5E5 /* CharacterDetailView.swift */; };
		9F0ECC352A99514100A9A5E5 /* CharacterDetailView.swift in Sources */ = {isa = PBXBuildFile; fileRef = 9F0ECC332A99514100A9A5E5 /* CharacterDetailView.swift */; };
		9F0ECC382A99B33F00A9A5E5 /* LocalizableStrings.strings in Resources */ = {isa = PBXBuildFile; fileRef = 9F0ECC372A99B33F00A9A5E5 /* LocalizableStrings.strings */; };
		9F0ECC392A99B33F00A9A5E5 /* LocalizableStrings.strings in Resources */ = {isa = PBXBuildFile; fileRef = 9F0ECC372A99B33F00A9A5E5 /* LocalizableStrings.strings */; };
		9F0ECC3B2A99B3C700A9A5E5 /* LocalizedStrings.swift in Sources */ = {isa = PBXBuildFile; fileRef = 9F0ECC3A2A99B3C700A9A5E5 /* LocalizedStrings.swift */; };
		9F0ECC3C2A99B3C700A9A5E5 /* LocalizedStrings.swift in Sources */ = {isa = PBXBuildFile; fileRef = 9F0ECC3A2A99B3C700A9A5E5 /* LocalizedStrings.swift */; };
		9F0ECC3F2A99B3EB00A9A5E5 /* StringExtension.swift in Sources */ = {isa = PBXBuildFile; fileRef = 9F0ECC3E2A99B3EB00A9A5E5 /* StringExtension.swift */; };
		9F0ECC402A99B3EB00A9A5E5 /* StringExtension.swift in Sources */ = {isa = PBXBuildFile; fileRef = 9F0ECC3E2A99B3EB00A9A5E5 /* StringExtension.swift */; };
		9F0ECC5A2A9D654200A9A5E5 /* SpinningProgressView.swift in Sources */ = {isa = PBXBuildFile; fileRef = 9F0ECC592A9D654200A9A5E5 /* SpinningProgressView.swift */; };
		9F0ECC5B2A9D654200A9A5E5 /* SpinningProgressView.swift in Sources */ = {isa = PBXBuildFile; fileRef = 9F0ECC592A9D654200A9A5E5 /* SpinningProgressView.swift */; };
		9F0ECC5F2A9D792B00A9A5E5 /* Episode.swift in Sources */ = {isa = PBXBuildFile; fileRef = 9F0ECC5E2A9D792B00A9A5E5 /* Episode.swift */; };
		9F0ECC602A9D792B00A9A5E5 /* Episode.swift in Sources */ = {isa = PBXBuildFile; fileRef = 9F0ECC5E2A9D792B00A9A5E5 /* Episode.swift */; };
		9F0ECC662A9D7B8D00A9A5E5 /* CharacterDetailViewModel.swift in Sources */ = {isa = PBXBuildFile; fileRef = 9F0ECC652A9D7B8D00A9A5E5 /* CharacterDetailViewModel.swift */; };
		9F0ECC672A9D7B8D00A9A5E5 /* CharacterDetailViewModel.swift in Sources */ = {isa = PBXBuildFile; fileRef = 9F0ECC652A9D7B8D00A9A5E5 /* CharacterDetailViewModel.swift */; };
		9F0ECC6B2A9DA0FB00A9A5E5 /* RickAndMortyServiceTests.swift in Sources */ = {isa = PBXBuildFile; fileRef = 9F0ECC6A2A9DA0FB00A9A5E5 /* RickAndMortyServiceTests.swift */; };
/* End PBXBuildFile section */

/* Begin PBXContainerItemProxy section */
		9F0ECBFF2A98205200A9A5E5 /* PBXContainerItemProxy */ = {
			isa = PBXContainerItemProxy;
			containerPortal = 9F0ECBE62A98205100A9A5E5 /* Project object */;
			proxyType = 1;
			remoteGlobalIDString = 9F0ECBED2A98205100A9A5E5;
			remoteInfo = RickandMortyWiki;
		};
		9F0ECC092A98205200A9A5E5 /* PBXContainerItemProxy */ = {
			isa = PBXContainerItemProxy;
			containerPortal = 9F0ECBE62A98205100A9A5E5 /* Project object */;
			proxyType = 1;
			remoteGlobalIDString = 9F0ECBED2A98205100A9A5E5;
			remoteInfo = RickandMortyWiki;
		};
/* End PBXContainerItemProxy section */

/* Begin PBXFileReference section */
		9F0DB5822AA27F8000ECE2E5 /* RickandMortyWiki.xctestplan */ = {isa = PBXFileReference; lastKnownFileType = text; path = RickandMortyWiki.xctestplan; sourceTree = SOURCE_ROOT; };
		9F0ECBEE2A98205100A9A5E5 /* RickandMortyWiki.app */ = {isa = PBXFileReference; explicitFileType = wrapper.application; includeInIndex = 0; path = RickandMortyWiki.app; sourceTree = BUILT_PRODUCTS_DIR; };
		9F0ECBF12A98205100A9A5E5 /* RickandMortyWikiApp.swift */ = {isa = PBXFileReference; lastKnownFileType = sourcecode.swift; path = RickandMortyWikiApp.swift; sourceTree = "<group>"; };
		9F0ECBF52A98205200A9A5E5 /* Assets.xcassets */ = {isa = PBXFileReference; lastKnownFileType = folder.assetcatalog; path = Assets.xcassets; sourceTree = "<group>"; };
		9F0ECBF82A98205200A9A5E5 /* Preview Assets.xcassets */ = {isa = PBXFileReference; lastKnownFileType = folder.assetcatalog; path = "Preview Assets.xcassets"; sourceTree = "<group>"; };
		9F0ECBFE2A98205200A9A5E5 /* RickandMortyWikiTests.xctest */ = {isa = PBXFileReference; explicitFileType = wrapper.cfbundle; includeInIndex = 0; path = RickandMortyWikiTests.xctest; sourceTree = BUILT_PRODUCTS_DIR; };
		9F0ECC082A98205200A9A5E5 /* RickandMortyWikiUITests.xctest */ = {isa = PBXFileReference; explicitFileType = wrapper.cfbundle; includeInIndex = 0; path = RickandMortyWikiUITests.xctest; sourceTree = BUILT_PRODUCTS_DIR; };
		9F0ECC0C2A98205200A9A5E5 /* RickandMortyWikiUITests.swift */ = {isa = PBXFileReference; lastKnownFileType = sourcecode.swift; path = RickandMortyWikiUITests.swift; sourceTree = "<group>"; };
		9F0ECC0E2A98205200A9A5E5 /* RickandMortyWikiUITestsLaunchTests.swift */ = {isa = PBXFileReference; lastKnownFileType = sourcecode.swift; path = RickandMortyWikiUITestsLaunchTests.swift; sourceTree = "<group>"; };
		9F0ECC1C2A9820E400A9A5E5 /* CharacterListView.swift */ = {isa = PBXFileReference; lastKnownFileType = sourcecode.swift; path = CharacterListView.swift; sourceTree = "<group>"; };
		9F0ECC222A984AA300A9A5E5 /* RickAndMortyService.swift */ = {isa = PBXFileReference; lastKnownFileType = sourcecode.swift; path = RickAndMortyService.swift; sourceTree = "<group>"; };
		9F0ECC252A9850FC00A9A5E5 /* CharacterListViewModel.swift */ = {isa = PBXFileReference; lastKnownFileType = sourcecode.swift; path = CharacterListViewModel.swift; sourceTree = "<group>"; };
		9F0ECC292A98512B00A9A5E5 /* Character.swift */ = {isa = PBXFileReference; lastKnownFileType = sourcecode.swift; path = Character.swift; sourceTree = "<group>"; };
		9F0ECC2C2A9883F500A9A5E5 /* ImageCache.swift */ = {isa = PBXFileReference; lastKnownFileType = sourcecode.swift; path = ImageCache.swift; sourceTree = "<group>"; };
		9F0ECC332A99514100A9A5E5 /* CharacterDetailView.swift */ = {isa = PBXFileReference; lastKnownFileType = sourcecode.swift; path = CharacterDetailView.swift; sourceTree = "<group>"; };
		9F0ECC372A99B33F00A9A5E5 /* LocalizableStrings.strings */ = {isa = PBXFileReference; lastKnownFileType = text.plist.strings; path = LocalizableStrings.strings; sourceTree = "<group>"; };
		9F0ECC3A2A99B3C700A9A5E5 /* LocalizedStrings.swift */ = {isa = PBXFileReference; lastKnownFileType = sourcecode.swift; path = LocalizedStrings.swift; sourceTree = "<group>"; };
		9F0ECC3E2A99B3EB00A9A5E5 /* StringExtension.swift */ = {isa = PBXFileReference; lastKnownFileType = sourcecode.swift; path = StringExtension.swift; sourceTree = "<group>"; };
		9F0ECC592A9D654200A9A5E5 /* SpinningProgressView.swift */ = {isa = PBXFileReference; lastKnownFileType = sourcecode.swift; path = SpinningProgressView.swift; sourceTree = "<group>"; };
		9F0ECC5E2A9D792B00A9A5E5 /* Episode.swift */ = {isa = PBXFileReference; lastKnownFileType = sourcecode.swift; path = Episode.swift; sourceTree = "<group>"; };
		9F0ECC652A9D7B8D00A9A5E5 /* CharacterDetailViewModel.swift */ = {isa = PBXFileReference; lastKnownFileType = sourcecode.swift; path = CharacterDetailViewModel.swift; sourceTree = "<group>"; };
		9F0ECC6A2A9DA0FB00A9A5E5 /* RickAndMortyServiceTests.swift */ = {isa = PBXFileReference; lastKnownFileType = sourcecode.swift; path = RickAndMortyServiceTests.swift; sourceTree = "<group>"; };
/* End PBXFileReference section */

/* Begin PBXFrameworksBuildPhase section */
		9F0ECBEB2A98205100A9A5E5 /* Frameworks */ = {
			isa = PBXFrameworksBuildPhase;
			buildActionMask = 2147483647;
			files = (
				9F0ECC312A988E9100A9A5E5 /* CachedAsyncImage in Frameworks */,
			);
			runOnlyForDeploymentPostprocessing = 0;
		};
		9F0ECBFB2A98205200A9A5E5 /* Frameworks */ = {
			isa = PBXFrameworksBuildPhase;
			buildActionMask = 2147483647;
			files = (
			);
			runOnlyForDeploymentPostprocessing = 0;
		};
		9F0ECC052A98205200A9A5E5 /* Frameworks */ = {
			isa = PBXFrameworksBuildPhase;
			buildActionMask = 2147483647;
			files = (
			);
			runOnlyForDeploymentPostprocessing = 0;
		};
/* End PBXFrameworksBuildPhase section */

/* Begin PBXGroup section */
		9F0DB5832AA2838000ECE2E5 /* Views */ = {
			isa = PBXGroup;
			children = (
				9F0DB5842AA288C200ECE2E5 /* Episodes */,
				9F0ECC1B2A98206D00A9A5E5 /* Character List */,
				9F0ECC322A994F6600A9A5E5 /* Character Detail */,
			);
			path = Views;
			sourceTree = "<group>";
		};
		9F0DB5842AA288C200ECE2E5 /* Episodes */ = {
			isa = PBXGroup;
			children = (
			);
			path = Episodes;
			sourceTree = "<group>";
		};
		9F0ECBE52A98205100A9A5E5 = {
			isa = PBXGroup;
			children = (
				9F0ECBF02A98205100A9A5E5 /* RickandMortyWiki */,
				9F0ECC012A98205200A9A5E5 /* RickandMortyWikiTests */,
				9F0ECC0B2A98205200A9A5E5 /* RickandMortyWikiUITests */,
				9F0ECBEF2A98205100A9A5E5 /* Products */,
			);
			sourceTree = "<group>";
		};
		9F0ECBEF2A98205100A9A5E5 /* Products */ = {
			isa = PBXGroup;
			children = (
				9F0ECBEE2A98205100A9A5E5 /* RickandMortyWiki.app */,
				9F0ECBFE2A98205200A9A5E5 /* RickandMortyWikiTests.xctest */,
				9F0ECC082A98205200A9A5E5 /* RickandMortyWikiUITests.xctest */,
			);
			name = Products;
			sourceTree = "<group>";
		};
		9F0ECBF02A98205100A9A5E5 /* RickandMortyWiki */ = {
			isa = PBXGroup;
			children = (
				9F0DB5832AA2838000ECE2E5 /* Views */,
				9F0ECC362A99B2C000A9A5E5 /* Utils */,
				9F0ECC282A98511200A9A5E5 /* Data */,
				9F0ECC1E2A9849A900A9A5E5 /* Network */,
				9F0ECBF12A98205100A9A5E5 /* RickandMortyWikiApp.swift */,
				9F0ECBF52A98205200A9A5E5 /* Assets.xcassets */,
				9F0ECBF72A98205200A9A5E5 /* Preview Content */,
			);
			path = RickandMortyWiki;
			sourceTree = "<group>";
		};
		9F0ECBF72A98205200A9A5E5 /* Preview Content */ = {
			isa = PBXGroup;
			children = (
				9F0ECBF82A98205200A9A5E5 /* Preview Assets.xcassets */,
			);
			path = "Preview Content";
			sourceTree = "<group>";
		};
		9F0ECC012A98205200A9A5E5 /* RickandMortyWikiTests */ = {
			isa = PBXGroup;
			children = (
				9F0DB5822AA27F8000ECE2E5 /* RickandMortyWiki.xctestplan */,
				9F0ECC6A2A9DA0FB00A9A5E5 /* RickAndMortyServiceTests.swift */,
			);
			path = RickandMortyWikiTests;
			sourceTree = "<group>";
		};
		9F0ECC0B2A98205200A9A5E5 /* RickandMortyWikiUITests */ = {
			isa = PBXGroup;
			children = (
				9F0ECC0C2A98205200A9A5E5 /* RickandMortyWikiUITests.swift */,
				9F0ECC0E2A98205200A9A5E5 /* RickandMortyWikiUITestsLaunchTests.swift */,
			);
			path = RickandMortyWikiUITests;
			sourceTree = "<group>";
		};
		9F0ECC1B2A98206D00A9A5E5 /* Character List */ = {
			isa = PBXGroup;
			children = (
				9F0ECC1C2A9820E400A9A5E5 /* CharacterListView.swift */,
				9F0ECC252A9850FC00A9A5E5 /* CharacterListViewModel.swift */,
			);
			path = "Character List";
			sourceTree = "<group>";
		};
		9F0ECC1E2A9849A900A9A5E5 /* Network */ = {
			isa = PBXGroup;
			children = (
				9F0ECC222A984AA300A9A5E5 /* RickAndMortyService.swift */,
			);
			path = Network;
			sourceTree = "<group>";
		};
		9F0ECC282A98511200A9A5E5 /* Data */ = {
			isa = PBXGroup;
			children = (
				9F0ECC292A98512B00A9A5E5 /* Character.swift */,
				9F0ECC2C2A9883F500A9A5E5 /* ImageCache.swift */,
				9F0ECC5E2A9D792B00A9A5E5 /* Episode.swift */,
			);
			path = Data;
			sourceTree = "<group>";
		};
		9F0ECC322A994F6600A9A5E5 /* Character Detail */ = {
			isa = PBXGroup;
			children = (
				9F0ECC332A99514100A9A5E5 /* CharacterDetailView.swift */,
				9F0ECC652A9D7B8D00A9A5E5 /* CharacterDetailViewModel.swift */,
			);
			path = "Character Detail";
			sourceTree = "<group>";
		};
		9F0ECC362A99B2C000A9A5E5 /* Utils */ = {
			isa = PBXGroup;
			children = (
				9F0ECC552A9D651400A9A5E5 /* Progress View */,
				9F0ECC3D2A99B3CD00A9A5E5 /* Strings */,
			);
			path = Utils;
			sourceTree = "<group>";
		};
		9F0ECC3D2A99B3CD00A9A5E5 /* Strings */ = {
			isa = PBXGroup;
			children = (
				9F0ECC3A2A99B3C700A9A5E5 /* LocalizedStrings.swift */,
				9F0ECC372A99B33F00A9A5E5 /* LocalizableStrings.strings */,
				9F0ECC3E2A99B3EB00A9A5E5 /* StringExtension.swift */,
			);
			path = Strings;
			sourceTree = "<group>";
		};
		9F0ECC552A9D651400A9A5E5 /* Progress View */ = {
			isa = PBXGroup;
			children = (
				9F0ECC592A9D654200A9A5E5 /* SpinningProgressView.swift */,
			);
			path = "Progress View";
			sourceTree = "<group>";
		};
/* End PBXGroup section */

/* Begin PBXNativeTarget section */
		9F0ECBED2A98205100A9A5E5 /* RickandMortyWiki */ = {
			isa = PBXNativeTarget;
			buildConfigurationList = 9F0ECC122A98205200A9A5E5 /* Build configuration list for PBXNativeTarget "RickandMortyWiki" */;
			buildPhases = (
				9F0ECBEA2A98205100A9A5E5 /* Sources */,
				9F0ECBEB2A98205100A9A5E5 /* Frameworks */,
				9F0ECBEC2A98205100A9A5E5 /* Resources */,
			);
			buildRules = (
			);
			dependencies = (
			);
			name = RickandMortyWiki;
			packageProductDependencies = (
				9F0ECC302A988E9100A9A5E5 /* CachedAsyncImage */,
			);
			productName = RickandMortyWiki;
			productReference = 9F0ECBEE2A98205100A9A5E5 /* RickandMortyWiki.app */;
			productType = "com.apple.product-type.application";
		};
		9F0ECBFD2A98205200A9A5E5 /* RickandMortyWikiTests */ = {
			isa = PBXNativeTarget;
			buildConfigurationList = 9F0ECC152A98205200A9A5E5 /* Build configuration list for PBXNativeTarget "RickandMortyWikiTests" */;
			buildPhases = (
				9F0ECBFA2A98205200A9A5E5 /* Sources */,
				9F0ECBFB2A98205200A9A5E5 /* Frameworks */,
				9F0ECBFC2A98205200A9A5E5 /* Resources */,
			);
			buildRules = (
			);
			dependencies = (
				9F0ECC002A98205200A9A5E5 /* PBXTargetDependency */,
			);
			name = RickandMortyWikiTests;
			productName = RickandMortyWikiTests;
			productReference = 9F0ECBFE2A98205200A9A5E5 /* RickandMortyWikiTests.xctest */;
			productType = "com.apple.product-type.bundle.unit-test";
		};
		9F0ECC072A98205200A9A5E5 /* RickandMortyWikiUITests */ = {
			isa = PBXNativeTarget;
			buildConfigurationList = 9F0ECC182A98205200A9A5E5 /* Build configuration list for PBXNativeTarget "RickandMortyWikiUITests" */;
			buildPhases = (
				9F0ECC042A98205200A9A5E5 /* Sources */,
				9F0ECC052A98205200A9A5E5 /* Frameworks */,
				9F0ECC062A98205200A9A5E5 /* Resources */,
			);
			buildRules = (
			);
			dependencies = (
				9F0ECC0A2A98205200A9A5E5 /* PBXTargetDependency */,
			);
			name = RickandMortyWikiUITests;
			productName = RickandMortyWikiUITests;
			productReference = 9F0ECC082A98205200A9A5E5 /* RickandMortyWikiUITests.xctest */;
			productType = "com.apple.product-type.bundle.ui-testing";
		};
/* End PBXNativeTarget section */

/* Begin PBXProject section */
		9F0ECBE62A98205100A9A5E5 /* Project object */ = {
			isa = PBXProject;
			attributes = {
				BuildIndependentTargetsInParallel = 1;
				LastSwiftUpdateCheck = 1430;
				LastUpgradeCheck = 1430;
				TargetAttributes = {
					9F0ECBED2A98205100A9A5E5 = {
						CreatedOnToolsVersion = 14.3.1;
					};
					9F0ECBFD2A98205200A9A5E5 = {
						CreatedOnToolsVersion = 14.3.1;
						TestTargetID = 9F0ECBED2A98205100A9A5E5;
					};
					9F0ECC072A98205200A9A5E5 = {
						CreatedOnToolsVersion = 14.3.1;
						TestTargetID = 9F0ECBED2A98205100A9A5E5;
					};
				};
			};
			buildConfigurationList = 9F0ECBE92A98205100A9A5E5 /* Build configuration list for PBXProject "RickandMortyWiki" */;
			compatibilityVersion = "Xcode 14.0";
			developmentRegion = en;
			hasScannedForEncodings = 0;
			knownRegions = (
				en,
				Base,
			);
			mainGroup = 9F0ECBE52A98205100A9A5E5;
			packageReferences = (
				9F0ECC2F2A988E9100A9A5E5 /* XCRemoteSwiftPackageReference "swiftui-cached-async-image" */,
			);
			productRefGroup = 9F0ECBEF2A98205100A9A5E5 /* Products */;
			projectDirPath = "";
			projectRoot = "";
			targets = (
				9F0ECBED2A98205100A9A5E5 /* RickandMortyWiki */,
				9F0ECBFD2A98205200A9A5E5 /* RickandMortyWikiTests */,
				9F0ECC072A98205200A9A5E5 /* RickandMortyWikiUITests */,
			);
		};
/* End PBXProject section */

/* Begin PBXResourcesBuildPhase section */
		9F0ECBEC2A98205100A9A5E5 /* Resources */ = {
			isa = PBXResourcesBuildPhase;
			buildActionMask = 2147483647;
			files = (
				9F0ECC382A99B33F00A9A5E5 /* LocalizableStrings.strings in Resources */,
				9F0ECBF92A98205200A9A5E5 /* Preview Assets.xcassets in Resources */,
				9F0ECBF62A98205200A9A5E5 /* Assets.xcassets in Resources */,
			);
			runOnlyForDeploymentPostprocessing = 0;
		};
		9F0ECBFC2A98205200A9A5E5 /* Resources */ = {
			isa = PBXResourcesBuildPhase;
			buildActionMask = 2147483647;
			files = (
				9F0ECC392A99B33F00A9A5E5 /* LocalizableStrings.strings in Resources */,
			);
			runOnlyForDeploymentPostprocessing = 0;
		};
		9F0ECC062A98205200A9A5E5 /* Resources */ = {
			isa = PBXResourcesBuildPhase;
			buildActionMask = 2147483647;
			files = (
			);
			runOnlyForDeploymentPostprocessing = 0;
		};
/* End PBXResourcesBuildPhase section */

/* Begin PBXSourcesBuildPhase section */
		9F0ECBEA2A98205100A9A5E5 /* Sources */ = {
			isa = PBXSourcesBuildPhase;
			buildActionMask = 2147483647;
			files = (
				9F0ECC1D2A9820E400A9A5E5 /* CharacterListView.swift in Sources */,
				9F0ECC5F2A9D792B00A9A5E5 /* Episode.swift in Sources */,
				9F0ECC3B2A99B3C700A9A5E5 /* LocalizedStrings.swift in Sources */,
				9F0ECC3F2A99B3EB00A9A5E5 /* StringExtension.swift in Sources */,
				9F0ECC232A984AA300A9A5E5 /* RickAndMortyService.swift in Sources */,
				9F0ECC2A2A98512B00A9A5E5 /* Character.swift in Sources */,
				9F0ECC662A9D7B8D00A9A5E5 /* CharacterDetailViewModel.swift in Sources */,
				9F0ECC262A9850FC00A9A5E5 /* CharacterListViewModel.swift in Sources */,
				9F0ECC2D2A9883F500A9A5E5 /* ImageCache.swift in Sources */,
				9F0ECC5A2A9D654200A9A5E5 /* SpinningProgressView.swift in Sources */,
				9F0ECBF22A98205100A9A5E5 /* RickandMortyWikiApp.swift in Sources */,
				9F0ECC342A99514100A9A5E5 /* CharacterDetailView.swift in Sources */,
			);
			runOnlyForDeploymentPostprocessing = 0;
		};
		9F0ECBFA2A98205200A9A5E5 /* Sources */ = {
			isa = PBXSourcesBuildPhase;
			buildActionMask = 2147483647;
			files = (
				9F0ECC2E2A9883F500A9A5E5 /* ImageCache.swift in Sources */,
				9F0ECC242A984AA300A9A5E5 /* RickAndMortyService.swift in Sources */,
				9F0ECC272A9850FC00A9A5E5 /* CharacterListViewModel.swift in Sources */,
				9F0ECC352A99514100A9A5E5 /* CharacterDetailView.swift in Sources */,
				9F0ECC602A9D792B00A9A5E5 /* Episode.swift in Sources */,
				9F0ECC5B2A9D654200A9A5E5 /* SpinningProgressView.swift in Sources */,
				9F0ECC402A99B3EB00A9A5E5 /* StringExtension.swift in Sources */,
				9F0ECC672A9D7B8D00A9A5E5 /* CharacterDetailViewModel.swift in Sources */,
				9F0ECC3C2A99B3C700A9A5E5 /* LocalizedStrings.swift in Sources */,
				9F0ECC6B2A9DA0FB00A9A5E5 /* RickAndMortyServiceTests.swift in Sources */,
				9F0ECC2B2A98512B00A9A5E5 /* Character.swift in Sources */,
			);
			runOnlyForDeploymentPostprocessing = 0;
		};
		9F0ECC042A98205200A9A5E5 /* Sources */ = {
			isa = PBXSourcesBuildPhase;
			buildActionMask = 2147483647;
			files = (
				9F0ECC0D2A98205200A9A5E5 /* RickandMortyWikiUITests.swift in Sources */,
				9F0ECC0F2A98205200A9A5E5 /* RickandMortyWikiUITestsLaunchTests.swift in Sources */,
			);
			runOnlyForDeploymentPostprocessing = 0;
		};
/* End PBXSourcesBuildPhase section */

/* Begin PBXTargetDependency section */
		9F0ECC002A98205200A9A5E5 /* PBXTargetDependency */ = {
			isa = PBXTargetDependency;
			target = 9F0ECBED2A98205100A9A5E5 /* RickandMortyWiki */;
			targetProxy = 9F0ECBFF2A98205200A9A5E5 /* PBXContainerItemProxy */;
		};
		9F0ECC0A2A98205200A9A5E5 /* PBXTargetDependency */ = {
			isa = PBXTargetDependency;
			target = 9F0ECBED2A98205100A9A5E5 /* RickandMortyWiki */;
			targetProxy = 9F0ECC092A98205200A9A5E5 /* PBXContainerItemProxy */;
		};
/* End PBXTargetDependency section */

/* Begin XCBuildConfiguration section */
		9F0ECC102A98205200A9A5E5 /* Debug */ = {
			isa = XCBuildConfiguration;
			buildSettings = {
				ALWAYS_SEARCH_USER_PATHS = NO;
				CLANG_ANALYZER_NONNULL = YES;
				CLANG_ANALYZER_NUMBER_OBJECT_CONVERSION = YES_AGGRESSIVE;
				CLANG_CXX_LANGUAGE_STANDARD = "gnu++20";
				CLANG_ENABLE_MODULES = YES;
				CLANG_ENABLE_OBJC_ARC = YES;
				CLANG_ENABLE_OBJC_WEAK = YES;
				CLANG_WARN_BLOCK_CAPTURE_AUTORELEASING = YES;
				CLANG_WARN_BOOL_CONVERSION = YES;
				CLANG_WARN_COMMA = YES;
				CLANG_WARN_CONSTANT_CONVERSION = YES;
				CLANG_WARN_DEPRECATED_OBJC_IMPLEMENTATIONS = YES;
				CLANG_WARN_DIRECT_OBJC_ISA_USAGE = YES_ERROR;
				CLANG_WARN_DOCUMENTATION_COMMENTS = YES;
				CLANG_WARN_EMPTY_BODY = YES;
				CLANG_WARN_ENUM_CONVERSION = YES;
				CLANG_WARN_INFINITE_RECURSION = YES;
				CLANG_WARN_INT_CONVERSION = YES;
				CLANG_WARN_NON_LITERAL_NULL_CONVERSION = YES;
				CLANG_WARN_OBJC_IMPLICIT_RETAIN_SELF = YES;
				CLANG_WARN_OBJC_LITERAL_CONVERSION = YES;
				CLANG_WARN_OBJC_ROOT_CLASS = YES_ERROR;
				CLANG_WARN_QUOTED_INCLUDE_IN_FRAMEWORK_HEADER = YES;
				CLANG_WARN_RANGE_LOOP_ANALYSIS = YES;
				CLANG_WARN_STRICT_PROTOTYPES = YES;
				CLANG_WARN_SUSPICIOUS_MOVE = YES;
				CLANG_WARN_UNGUARDED_AVAILABILITY = YES_AGGRESSIVE;
				CLANG_WARN_UNREACHABLE_CODE = YES;
				CLANG_WARN__DUPLICATE_METHOD_MATCH = YES;
				COPY_PHASE_STRIP = NO;
				DEBUG_INFORMATION_FORMAT = dwarf;
				ENABLE_STRICT_OBJC_MSGSEND = YES;
				ENABLE_TESTABILITY = YES;
				GCC_C_LANGUAGE_STANDARD = gnu11;
				GCC_DYNAMIC_NO_PIC = NO;
				GCC_NO_COMMON_BLOCKS = YES;
				GCC_OPTIMIZATION_LEVEL = 0;
				GCC_PREPROCESSOR_DEFINITIONS = (
					"DEBUG=1",
					"$(inherited)",
				);
				GCC_WARN_64_TO_32_BIT_CONVERSION = YES;
				GCC_WARN_ABOUT_RETURN_TYPE = YES_ERROR;
				GCC_WARN_UNDECLARED_SELECTOR = YES;
				GCC_WARN_UNINITIALIZED_AUTOS = YES_AGGRESSIVE;
				GCC_WARN_UNUSED_FUNCTION = YES;
				GCC_WARN_UNUSED_VARIABLE = YES;
				IPHONEOS_DEPLOYMENT_TARGET = 16.4;
				MTL_ENABLE_DEBUG_INFO = INCLUDE_SOURCE;
				MTL_FAST_MATH = YES;
				ONLY_ACTIVE_ARCH = YES;
				SDKROOT = iphoneos;
				SWIFT_ACTIVE_COMPILATION_CONDITIONS = DEBUG;
				SWIFT_OPTIMIZATION_LEVEL = "-Onone";
			};
			name = Debug;
		};
		9F0ECC112A98205200A9A5E5 /* Release */ = {
			isa = XCBuildConfiguration;
			buildSettings = {
				ALWAYS_SEARCH_USER_PATHS = NO;
				CLANG_ANALYZER_NONNULL = YES;
				CLANG_ANALYZER_NUMBER_OBJECT_CONVERSION = YES_AGGRESSIVE;
				CLANG_CXX_LANGUAGE_STANDARD = "gnu++20";
				CLANG_ENABLE_MODULES = YES;
				CLANG_ENABLE_OBJC_ARC = YES;
				CLANG_ENABLE_OBJC_WEAK = YES;
				CLANG_WARN_BLOCK_CAPTURE_AUTORELEASING = YES;
				CLANG_WARN_BOOL_CONVERSION = YES;
				CLANG_WARN_COMMA = YES;
				CLANG_WARN_CONSTANT_CONVERSION = YES;
				CLANG_WARN_DEPRECATED_OBJC_IMPLEMENTATIONS = YES;
				CLANG_WARN_DIRECT_OBJC_ISA_USAGE = YES_ERROR;
				CLANG_WARN_DOCUMENTATION_COMMENTS = YES;
				CLANG_WARN_EMPTY_BODY = YES;
				CLANG_WARN_ENUM_CONVERSION = YES;
				CLANG_WARN_INFINITE_RECURSION = YES;
				CLANG_WARN_INT_CONVERSION = YES;
				CLANG_WARN_NON_LITERAL_NULL_CONVERSION = YES;
				CLANG_WARN_OBJC_IMPLICIT_RETAIN_SELF = YES;
				CLANG_WARN_OBJC_LITERAL_CONVERSION = YES;
				CLANG_WARN_OBJC_ROOT_CLASS = YES_ERROR;
				CLANG_WARN_QUOTED_INCLUDE_IN_FRAMEWORK_HEADER = YES;
				CLANG_WARN_RANGE_LOOP_ANALYSIS = YES;
				CLANG_WARN_STRICT_PROTOTYPES = YES;
				CLANG_WARN_SUSPICIOUS_MOVE = YES;
				CLANG_WARN_UNGUARDED_AVAILABILITY = YES_AGGRESSIVE;
				CLANG_WARN_UNREACHABLE_CODE = YES;
				CLANG_WARN__DUPLICATE_METHOD_MATCH = YES;
				COPY_PHASE_STRIP = NO;
				DEBUG_INFORMATION_FORMAT = "dwarf-with-dsym";
				ENABLE_NS_ASSERTIONS = NO;
				ENABLE_STRICT_OBJC_MSGSEND = YES;
				GCC_C_LANGUAGE_STANDARD = gnu11;
				GCC_NO_COMMON_BLOCKS = YES;
				GCC_WARN_64_TO_32_BIT_CONVERSION = YES;
				GCC_WARN_ABOUT_RETURN_TYPE = YES_ERROR;
				GCC_WARN_UNDECLARED_SELECTOR = YES;
				GCC_WARN_UNINITIALIZED_AUTOS = YES_AGGRESSIVE;
				GCC_WARN_UNUSED_FUNCTION = YES;
				GCC_WARN_UNUSED_VARIABLE = YES;
				IPHONEOS_DEPLOYMENT_TARGET = 16.4;
				MTL_ENABLE_DEBUG_INFO = NO;
				MTL_FAST_MATH = YES;
				SDKROOT = iphoneos;
				SWIFT_COMPILATION_MODE = wholemodule;
				SWIFT_OPTIMIZATION_LEVEL = "-O";
				VALIDATE_PRODUCT = YES;
			};
			name = Release;
		};
		9F0ECC132A98205200A9A5E5 /* Debug */ = {
			isa = XCBuildConfiguration;
			buildSettings = {
				ASSETCATALOG_COMPILER_APPICON_NAME = AppIcon;
				ASSETCATALOG_COMPILER_GLOBAL_ACCENT_COLOR_NAME = AccentColor;
				CODE_SIGN_STYLE = Automatic;
				CURRENT_PROJECT_VERSION = 1;
				DEVELOPMENT_ASSET_PATHS = "\"RickandMortyWiki/Preview Content\"";
				DEVELOPMENT_TEAM = 6A8498PHTR;
				ENABLE_PREVIEWS = YES;
				GENERATE_INFOPLIST_FILE = YES;
				INFOPLIST_KEY_UIApplicationSceneManifest_Generation = YES;
				INFOPLIST_KEY_UIApplicationSupportsIndirectInputEvents = YES;
				INFOPLIST_KEY_UILaunchScreen_Generation = YES;
				INFOPLIST_KEY_UISupportedInterfaceOrientations = UIInterfaceOrientationPortrait;
				INFOPLIST_KEY_UISupportedInterfaceOrientations_iPad = "UIInterfaceOrientationLandscapeLeft UIInterfaceOrientationLandscapeRight UIInterfaceOrientationPortrait UIInterfaceOrientationPortraitUpsideDown";
				LD_RUNPATH_SEARCH_PATHS = (
					"$(inherited)",
					"@executable_path/Frameworks",
				);
				MARKETING_VERSION = 1.0;
				PRODUCT_BUNDLE_IDENTIFIER = com.regy.RickandMortyWiki;
				PRODUCT_NAME = "$(TARGET_NAME)";
				SUPPORTED_PLATFORMS = "iphoneos iphonesimulator";
				SUPPORTS_MACCATALYST = NO;
				SUPPORTS_MAC_DESIGNED_FOR_IPHONE_IPAD = NO;
				SWIFT_EMIT_LOC_STRINGS = YES;
				SWIFT_VERSION = 5.0;
				TARGETED_DEVICE_FAMILY = 1;
			};
			name = Debug;
		};
		9F0ECC142A98205200A9A5E5 /* Release */ = {
			isa = XCBuildConfiguration;
			buildSettings = {
				ASSETCATALOG_COMPILER_APPICON_NAME = AppIcon;
				ASSETCATALOG_COMPILER_GLOBAL_ACCENT_COLOR_NAME = AccentColor;
				CODE_SIGN_STYLE = Automatic;
				CURRENT_PROJECT_VERSION = 1;
				DEVELOPMENT_ASSET_PATHS = "\"RickandMortyWiki/Preview Content\"";
				DEVELOPMENT_TEAM = 6A8498PHTR;
				ENABLE_PREVIEWS = YES;
				GENERATE_INFOPLIST_FILE = YES;
				INFOPLIST_KEY_UIApplicationSceneManifest_Generation = YES;
				INFOPLIST_KEY_UIApplicationSupportsIndirectInputEvents = YES;
				INFOPLIST_KEY_UILaunchScreen_Generation = YES;
				INFOPLIST_KEY_UISupportedInterfaceOrientations = UIInterfaceOrientationPortrait;
				INFOPLIST_KEY_UISupportedInterfaceOrientations_iPad = "UIInterfaceOrientationLandscapeLeft UIInterfaceOrientationLandscapeRight UIInterfaceOrientationPortrait UIInterfaceOrientationPortraitUpsideDown";
				LD_RUNPATH_SEARCH_PATHS = (
					"$(inherited)",
					"@executable_path/Frameworks",
				);
				MARKETING_VERSION = 1.0;
				PRODUCT_BUNDLE_IDENTIFIER = com.regy.RickandMortyWiki;
				PRODUCT_NAME = "$(TARGET_NAME)";
				SUPPORTED_PLATFORMS = "iphoneos iphonesimulator";
				SUPPORTS_MACCATALYST = NO;
				SUPPORTS_MAC_DESIGNED_FOR_IPHONE_IPAD = NO;
				SWIFT_EMIT_LOC_STRINGS = YES;
				SWIFT_VERSION = 5.0;
				TARGETED_DEVICE_FAMILY = 1;
			};
			name = Release;
		};
		9F0ECC162A98205200A9A5E5 /* Debug */ = {
			isa = XCBuildConfiguration;
			buildSettings = {
				ALWAYS_EMBED_SWIFT_STANDARD_LIBRARIES = YES;
				BUNDLE_LOADER = "$(TEST_HOST)";
				CODE_SIGN_STYLE = Automatic;
				CURRENT_PROJECT_VERSION = 1;
				DEVELOPMENT_TEAM = 6A8498PHTR;
				GENERATE_INFOPLIST_FILE = YES;
				IPHONEOS_DEPLOYMENT_TARGET = 16.4;
				MARKETING_VERSION = 1.0;
				PRODUCT_BUNDLE_IDENTIFIER = com.regy.RickandMortyWikiTests;
				PRODUCT_NAME = "$(TARGET_NAME)";
				SWIFT_EMIT_LOC_STRINGS = NO;
				SWIFT_VERSION = 5.0;
				TARGETED_DEVICE_FAMILY = "1,2";
				TEST_HOST = "$(BUILT_PRODUCTS_DIR)/RickandMortyWiki.app/$(BUNDLE_EXECUTABLE_FOLDER_PATH)/RickandMortyWiki";
			};
			name = Debug;
		};
		9F0ECC172A98205200A9A5E5 /* Release */ = {
			isa = XCBuildConfiguration;
			buildSettings = {
				ALWAYS_EMBED_SWIFT_STANDARD_LIBRARIES = YES;
				BUNDLE_LOADER = "$(TEST_HOST)";
				CODE_SIGN_STYLE = Automatic;
				CURRENT_PROJECT_VERSION = 1;
				DEVELOPMENT_TEAM = 6A8498PHTR;
				GENERATE_INFOPLIST_FILE = YES;
				IPHONEOS_DEPLOYMENT_TARGET = 16.4;
				MARKETING_VERSION = 1.0;
				PRODUCT_BUNDLE_IDENTIFIER = com.regy.RickandMortyWikiTests;
				PRODUCT_NAME = "$(TARGET_NAME)";
				SWIFT_EMIT_LOC_STRINGS = NO;
				SWIFT_VERSION = 5.0;
				TARGETED_DEVICE_FAMILY = "1,2";
				TEST_HOST = "$(BUILT_PRODUCTS_DIR)/RickandMortyWiki.app/$(BUNDLE_EXECUTABLE_FOLDER_PATH)/RickandMortyWiki";
			};
			name = Release;
		};
		9F0ECC192A98205200A9A5E5 /* Debug */ = {
			isa = XCBuildConfiguration;
			buildSettings = {
				ALWAYS_EMBED_SWIFT_STANDARD_LIBRARIES = YES;
				CODE_SIGN_STYLE = Automatic;
				CURRENT_PROJECT_VERSION = 1;
				DEVELOPMENT_TEAM = 6A8498PHTR;
				GENERATE_INFOPLIST_FILE = YES;
				MARKETING_VERSION = 1.0;
				PRODUCT_BUNDLE_IDENTIFIER = com.regy.RickandMortyWikiUITests;
				PRODUCT_NAME = "$(TARGET_NAME)";
				SWIFT_EMIT_LOC_STRINGS = NO;
				SWIFT_VERSION = 5.0;
				TARGETED_DEVICE_FAMILY = "1,2";
				TEST_TARGET_NAME = RickandMortyWiki;
			};
			name = Debug;
		};
		9F0ECC1A2A98205200A9A5E5 /* Release */ = {
			isa = XCBuildConfiguration;
			buildSettings = {
				ALWAYS_EMBED_SWIFT_STANDARD_LIBRARIES = YES;
				CODE_SIGN_STYLE = Automatic;
				CURRENT_PROJECT_VERSION = 1;
				DEVELOPMENT_TEAM = 6A8498PHTR;
				GENERATE_INFOPLIST_FILE = YES;
				MARKETING_VERSION = 1.0;
				PRODUCT_BUNDLE_IDENTIFIER = com.regy.RickandMortyWikiUITests;
				PRODUCT_NAME = "$(TARGET_NAME)";
				SWIFT_EMIT_LOC_STRINGS = NO;
				SWIFT_VERSION = 5.0;
				TARGETED_DEVICE_FAMILY = "1,2";
				TEST_TARGET_NAME = RickandMortyWiki;
			};
			name = Release;
		};
/* End XCBuildConfiguration section */

/* Begin XCConfigurationList section */
		9F0ECBE92A98205100A9A5E5 /* Build configuration list for PBXProject "RickandMortyWiki" */ = {
			isa = XCConfigurationList;
			buildConfigurations = (
				9F0ECC102A98205200A9A5E5 /* Debug */,
				9F0ECC112A98205200A9A5E5 /* Release */,
			);
			defaultConfigurationIsVisible = 0;
			defaultConfigurationName = Release;
		};
		9F0ECC122A98205200A9A5E5 /* Build configuration list for PBXNativeTarget "RickandMortyWiki" */ = {
			isa = XCConfigurationList;
			buildConfigurations = (
				9F0ECC132A98205200A9A5E5 /* Debug */,
				9F0ECC142A98205200A9A5E5 /* Release */,
			);
			defaultConfigurationIsVisible = 0;
			defaultConfigurationName = Release;
		};
		9F0ECC152A98205200A9A5E5 /* Build configuration list for PBXNativeTarget "RickandMortyWikiTests" */ = {
			isa = XCConfigurationList;
			buildConfigurations = (
				9F0ECC162A98205200A9A5E5 /* Debug */,
				9F0ECC172A98205200A9A5E5 /* Release */,
			);
			defaultConfigurationIsVisible = 0;
			defaultConfigurationName = Release;
		};
		9F0ECC182A98205200A9A5E5 /* Build configuration list for PBXNativeTarget "RickandMortyWikiUITests" */ = {
			isa = XCConfigurationList;
			buildConfigurations = (
				9F0ECC192A98205200A9A5E5 /* Debug */,
				9F0ECC1A2A98205200A9A5E5 /* Release */,
			);
			defaultConfigurationIsVisible = 0;
			defaultConfigurationName = Release;
		};
/* End XCConfigurationList section */

/* Begin XCRemoteSwiftPackageReference section */
		9F0ECC2F2A988E9100A9A5E5 /* XCRemoteSwiftPackageReference "swiftui-cached-async-image" */ = {
			isa = XCRemoteSwiftPackageReference;
			repositoryURL = "https://github.com/lorenzofiamingo/swiftui-cached-async-image";
			requirement = {
				kind = upToNextMajorVersion;
				minimumVersion = 2.0.0;
			};
		};
/* End XCRemoteSwiftPackageReference section */

/* Begin XCSwiftPackageProductDependency section */
		9F0ECC302A988E9100A9A5E5 /* CachedAsyncImage */ = {
			isa = XCSwiftPackageProductDependency;
			package = 9F0ECC2F2A988E9100A9A5E5 /* XCRemoteSwiftPackageReference "swiftui-cached-async-image" */;
			productName = CachedAsyncImage;
		};
/* End XCSwiftPackageProductDependency section */
	};
	rootObject = 9F0ECBE62A98205100A9A5E5 /* Project object */;
}
